// !$*UTF8*$!
{
	archiveVersion = 1;
	classes = {
	};
	objectVersion = 50;
	objects = {

/* Begin PBXBuildFile section */
		68B7138427F25EBC00BBA7A4 /* FileParser.swift in Sources */ = {isa = PBXBuildFile; fileRef = 68B7138327F25EBC00BBA7A4 /* FileParser.swift */; };
		68B7138627F2614A00BBA7A4 /* LineParser.swift in Sources */ = {isa = PBXBuildFile; fileRef = 68B7138527F2614A00BBA7A4 /* LineParser.swift */; };
		68B7138827F264A100BBA7A4 /* FileParserTests.swift in Sources */ = {isa = PBXBuildFile; fileRef = 68B7138727F264A100BBA7A4 /* FileParserTests.swift */; };
		68B7138B27F266C300BBA7A4 /* Project1.md in Resources */ = {isa = PBXBuildFile; fileRef = 68B7138A27F266C300BBA7A4 /* Project1.md */; };
		994C201D26C1C81A0029E6DC /* BookmarkController.swift in Sources */ = {isa = PBXBuildFile; fileRef = 994C201C26C1C8190029E6DC /* BookmarkController.swift */; };
		994C201F26C1D4EA0029E6DC /* DetailView.swift in Sources */ = {isa = PBXBuildFile; fileRef = 994C201E26C1D4EA0029E6DC /* DetailView.swift */; };
		994C202126C1D6D80029E6DC /* FileController.swift in Sources */ = {isa = PBXBuildFile; fileRef = 994C202026C1D6D80029E6DC /* FileController.swift */; };
		994C202326C2E8980029E6DC /* DocumentPicker.swift in Sources */ = {isa = PBXBuildFile; fileRef = 994C202226C2E8980029E6DC /* DocumentPicker.swift */; };
		99613D5626F39516008D0FA3 /* PerspectiveTileView.swift in Sources */ = {isa = PBXBuildFile; fileRef = 99613D5326F39516008D0FA3 /* PerspectiveTileView.swift */; };
		99613D5726F39516008D0FA3 /* OverviewView.swift in Sources */ = {isa = PBXBuildFile; fileRef = 99613D5426F39516008D0FA3 /* OverviewView.swift */; };
		99613D5826F39516008D0FA3 /* PerspectivesView.swift in Sources */ = {isa = PBXBuildFile; fileRef = 99613D5526F39516008D0FA3 /* PerspectivesView.swift */; };
		99613D6226F39CDE008D0FA3 /* FileControllerTests.swift in Sources */ = {isa = PBXBuildFile; fileRef = 99613D6126F39CDE008D0FA3 /* FileControllerTests.swift */; };
		998509AB27FF8D81001AFE9F /* LineParserTests.swift in Sources */ = {isa = PBXBuildFile; fileRef = 998509AA27FF8D81001AFE9F /* LineParserTests.swift */; };
		99BF586427FF8F5B00662FA4 /* LineParser.swift in Sources */ = {isa = PBXBuildFile; fileRef = 68B7138527F2614A00BBA7A4 /* LineParser.swift */; };
		99E8CFD926C1701C008CEFE2 /* ArrowheadApp.swift in Sources */ = {isa = PBXBuildFile; fileRef = 99E8CFD826C1701C008CEFE2 /* ArrowheadApp.swift */; };
		99E8CFDB26C1701C008CEFE2 /* ContentView.swift in Sources */ = {isa = PBXBuildFile; fileRef = 99E8CFDA26C1701C008CEFE2 /* ContentView.swift */; };
		99E8CFDD26C1701E008CEFE2 /* Assets.xcassets in Resources */ = {isa = PBXBuildFile; fileRef = 99E8CFDC26C1701E008CEFE2 /* Assets.xcassets */; };
		99E8CFE026C1701E008CEFE2 /* Preview Assets.xcassets in Resources */ = {isa = PBXBuildFile; fileRef = 99E8CFDF26C1701E008CEFE2 /* Preview Assets.xcassets */; };
		99EAE7C026E80023007C22AC /* TodoView.swift in Sources */ = {isa = PBXBuildFile; fileRef = 99EAE7BF26E80023007C22AC /* TodoView.swift */; };
		99EAE7C226E80882007C22AC /* FolderView.swift in Sources */ = {isa = PBXBuildFile; fileRef = 99EAE7C126E80882007C22AC /* FolderView.swift */; };
		99EAE7C426E80D90007C22AC /* Model.swift in Sources */ = {isa = PBXBuildFile; fileRef = 99EAE7C326E80D90007C22AC /* Model.swift */; };
/* End PBXBuildFile section */

/* Begin PBXContainerItemProxy section */
		99613D6326F39CDE008D0FA3 /* PBXContainerItemProxy */ = {
			isa = PBXContainerItemProxy;
			containerPortal = 99E8CFCD26C1701C008CEFE2 /* Project object */;
			proxyType = 1;
			remoteGlobalIDString = 99E8CFD426C1701C008CEFE2;
			remoteInfo = Arrowhead;
		};
/* End PBXContainerItemProxy section */

/* Begin PBXFileReference section */
		68B7138327F25EBC00BBA7A4 /* FileParser.swift */ = {isa = PBXFileReference; lastKnownFileType = sourcecode.swift; path = FileParser.swift; sourceTree = "<group>"; };
		68B7138527F2614A00BBA7A4 /* LineParser.swift */ = {isa = PBXFileReference; lastKnownFileType = sourcecode.swift; path = LineParser.swift; sourceTree = "<group>"; };
		68B7138727F264A100BBA7A4 /* FileParserTests.swift */ = {isa = PBXFileReference; lastKnownFileType = sourcecode.swift; path = FileParserTests.swift; sourceTree = "<group>"; };
		68B7138A27F266C300BBA7A4 /* Project1.md */ = {isa = PBXFileReference; lastKnownFileType = net.daringfireball.markdown; path = Project1.md; sourceTree = "<group>"; };
		994C201C26C1C8190029E6DC /* BookmarkController.swift */ = {isa = PBXFileReference; lastKnownFileType = sourcecode.swift; path = BookmarkController.swift; sourceTree = "<group>"; };
		994C201E26C1D4EA0029E6DC /* DetailView.swift */ = {isa = PBXFileReference; lastKnownFileType = sourcecode.swift; path = DetailView.swift; sourceTree = "<group>"; };
		994C202026C1D6D80029E6DC /* FileController.swift */ = {isa = PBXFileReference; lastKnownFileType = sourcecode.swift; path = FileController.swift; sourceTree = "<group>"; };
		994C202226C2E8980029E6DC /* DocumentPicker.swift */ = {isa = PBXFileReference; lastKnownFileType = sourcecode.swift; path = DocumentPicker.swift; sourceTree = "<group>"; };
		99613D5326F39516008D0FA3 /* PerspectiveTileView.swift */ = {isa = PBXFileReference; fileEncoding = 4; lastKnownFileType = sourcecode.swift; path = PerspectiveTileView.swift; sourceTree = "<group>"; };
		99613D5426F39516008D0FA3 /* OverviewView.swift */ = {isa = PBXFileReference; fileEncoding = 4; lastKnownFileType = sourcecode.swift; path = OverviewView.swift; sourceTree = "<group>"; };
		99613D5526F39516008D0FA3 /* PerspectivesView.swift */ = {isa = PBXFileReference; fileEncoding = 4; lastKnownFileType = sourcecode.swift; path = PerspectivesView.swift; sourceTree = "<group>"; };
		99613D5F26F39CDE008D0FA3 /* ArrowheadTests.xctest */ = {isa = PBXFileReference; explicitFileType = wrapper.cfbundle; includeInIndex = 0; path = ArrowheadTests.xctest; sourceTree = BUILT_PRODUCTS_DIR; };
		99613D6126F39CDE008D0FA3 /* FileControllerTests.swift */ = {isa = PBXFileReference; lastKnownFileType = sourcecode.swift; path = FileControllerTests.swift; sourceTree = "<group>"; };
		998509AA27FF8D81001AFE9F /* LineParserTests.swift */ = {isa = PBXFileReference; lastKnownFileType = sourcecode.swift; path = LineParserTests.swift; sourceTree = "<group>"; };
		99E8CFD526C1701C008CEFE2 /* Arrowhead.app */ = {isa = PBXFileReference; explicitFileType = wrapper.application; includeInIndex = 0; path = Arrowhead.app; sourceTree = BUILT_PRODUCTS_DIR; };
		99E8CFD826C1701C008CEFE2 /* ArrowheadApp.swift */ = {isa = PBXFileReference; lastKnownFileType = sourcecode.swift; path = ArrowheadApp.swift; sourceTree = "<group>"; };
		99E8CFDA26C1701C008CEFE2 /* ContentView.swift */ = {isa = PBXFileReference; lastKnownFileType = sourcecode.swift; path = ContentView.swift; sourceTree = "<group>"; };
		99E8CFDC26C1701E008CEFE2 /* Assets.xcassets */ = {isa = PBXFileReference; lastKnownFileType = folder.assetcatalog; path = Assets.xcassets; sourceTree = "<group>"; };
		99E8CFDF26C1701E008CEFE2 /* Preview Assets.xcassets */ = {isa = PBXFileReference; lastKnownFileType = folder.assetcatalog; path = "Preview Assets.xcassets"; sourceTree = "<group>"; };
		99E8CFE626C1701F008CEFE2 /* Info.plist */ = {isa = PBXFileReference; lastKnownFileType = text.plist.xml; path = Info.plist; sourceTree = "<group>"; };
		99EAE7BF26E80023007C22AC /* TodoView.swift */ = {isa = PBXFileReference; lastKnownFileType = sourcecode.swift; path = TodoView.swift; sourceTree = "<group>"; };
		99EAE7C126E80882007C22AC /* FolderView.swift */ = {isa = PBXFileReference; lastKnownFileType = sourcecode.swift; path = FolderView.swift; sourceTree = "<group>"; };
		99EAE7C326E80D90007C22AC /* Model.swift */ = {isa = PBXFileReference; lastKnownFileType = sourcecode.swift; path = Model.swift; sourceTree = "<group>"; };
/* End PBXFileReference section */

/* Begin PBXFrameworksBuildPhase section */
		99613D5C26F39CDE008D0FA3 /* Frameworks */ = {
			isa = PBXFrameworksBuildPhase;
			buildActionMask = 2147483647;
			files = (
			);
			runOnlyForDeploymentPostprocessing = 0;
		};
		99E8CFD226C1701C008CEFE2 /* Frameworks */ = {
			isa = PBXFrameworksBuildPhase;
			buildActionMask = 2147483647;
			files = (
			);
			runOnlyForDeploymentPostprocessing = 0;
		};
/* End PBXFrameworksBuildPhase section */

/* Begin PBXGroup section */
		68B7138927F2668D00BBA7A4 /* Fixtures */ = {
			isa = PBXGroup;
			children = (
				68B7138A27F266C300BBA7A4 /* Project1.md */,
			);
			path = Fixtures;
			sourceTree = "<group>";
		};
		99613D5926F395A3008D0FA3 /* Model */ = {
			isa = PBXGroup;
			children = (
				99EAE7C326E80D90007C22AC /* Model.swift */,
			);
			path = Model;
			sourceTree = "<group>";
		};
		99613D5A26F395B5008D0FA3 /* Controllers */ = {
			isa = PBXGroup;
			children = (
				994C201C26C1C8190029E6DC /* BookmarkController.swift */,
				994C202026C1D6D80029E6DC /* FileController.swift */,
				68B7138327F25EBC00BBA7A4 /* FileParser.swift */,
				68B7138527F2614A00BBA7A4 /* LineParser.swift */,
			);
			path = Controllers;
			sourceTree = "<group>";
		};
		99613D6026F39CDE008D0FA3 /* ArrowheadTests */ = {
			isa = PBXGroup;
			children = (
				68B7138927F2668D00BBA7A4 /* Fixtures */,
				99613D6126F39CDE008D0FA3 /* FileControllerTests.swift */,
				68B7138727F264A100BBA7A4 /* FileParserTests.swift */,
				998509AA27FF8D81001AFE9F /* LineParserTests.swift */,
			);
			path = ArrowheadTests;
			sourceTree = "<group>";
		};
		99E8CFCC26C1701C008CEFE2 = {
			isa = PBXGroup;
			children = (
				99E8CFD726C1701C008CEFE2 /* Arrowhead */,
				99613D6026F39CDE008D0FA3 /* ArrowheadTests */,
				99E8CFD626C1701C008CEFE2 /* Products */,
			);
			sourceTree = "<group>";
		};
		99E8CFD626C1701C008CEFE2 /* Products */ = {
			isa = PBXGroup;
			children = (
				99E8CFD526C1701C008CEFE2 /* Arrowhead.app */,
				99613D5F26F39CDE008D0FA3 /* ArrowheadTests.xctest */,
			);
			name = Products;
			sourceTree = "<group>";
		};
		99E8CFD726C1701C008CEFE2 /* Arrowhead */ = {
			isa = PBXGroup;
			children = (
				99613D5A26F395B5008D0FA3 /* Controllers */,
				99613D5926F395A3008D0FA3 /* Model */,
				99EAE7BE26E7A6D6007C22AC /* Views */,
				99E8CFD826C1701C008CEFE2 /* ArrowheadApp.swift */,
				99E8CFDC26C1701E008CEFE2 /* Assets.xcassets */,
				99E8CFE626C1701F008CEFE2 /* Info.plist */,
				99E8CFDE26C1701E008CEFE2 /* Preview Content */,
			);
			path = Arrowhead;
			sourceTree = "<group>";
		};
		99E8CFDE26C1701E008CEFE2 /* Preview Content */ = {
			isa = PBXGroup;
			children = (
				99E8CFDF26C1701E008CEFE2 /* Preview Assets.xcassets */,
			);
			path = "Preview Content";
			sourceTree = "<group>";
		};
		99EAE7BE26E7A6D6007C22AC /* Views */ = {
			isa = PBXGroup;
			children = (
				99E8CFDA26C1701C008CEFE2 /* ContentView.swift */,
				99613D5426F39516008D0FA3 /* OverviewView.swift */,
				99613D5526F39516008D0FA3 /* PerspectivesView.swift */,
				99613D5326F39516008D0FA3 /* PerspectiveTileView.swift */,
				99EAE7C126E80882007C22AC /* FolderView.swift */,
				994C201E26C1D4EA0029E6DC /* DetailView.swift */,
				99EAE7BF26E80023007C22AC /* TodoView.swift */,
				994C202226C2E8980029E6DC /* DocumentPicker.swift */,
			);
			path = Views;
			sourceTree = "<group>";
		};
/* End PBXGroup section */

/* Begin PBXNativeTarget section */
		99613D5E26F39CDE008D0FA3 /* ArrowheadTests */ = {
			isa = PBXNativeTarget;
			buildConfigurationList = 99613D6526F39CDE008D0FA3 /* Build configuration list for PBXNativeTarget "ArrowheadTests" */;
			buildPhases = (
				99613D5B26F39CDE008D0FA3 /* Sources */,
				99613D5C26F39CDE008D0FA3 /* Frameworks */,
				99613D5D26F39CDE008D0FA3 /* Resources */,
			);
			buildRules = (
			);
			dependencies = (
				99613D6426F39CDE008D0FA3 /* PBXTargetDependency */,
			);
			name = ArrowheadTests;
			productName = ArrowheadTests;
			productReference = 99613D5F26F39CDE008D0FA3 /* ArrowheadTests.xctest */;
			productType = "com.apple.product-type.bundle.unit-test";
		};
		99E8CFD426C1701C008CEFE2 /* Arrowhead */ = {
			isa = PBXNativeTarget;
			buildConfigurationList = 99E8CFE926C1701F008CEFE2 /* Build configuration list for PBXNativeTarget "Arrowhead" */;
			buildPhases = (
				99E8CFD126C1701C008CEFE2 /* Sources */,
				99E8CFD226C1701C008CEFE2 /* Frameworks */,
				99E8CFD326C1701C008CEFE2 /* Resources */,
			);
			buildRules = (
			);
			dependencies = (
			);
			name = Arrowhead;
			productName = Arrowhead;
			productReference = 99E8CFD526C1701C008CEFE2 /* Arrowhead.app */;
			productType = "com.apple.product-type.application";
		};
/* End PBXNativeTarget section */

/* Begin PBXProject section */
		99E8CFCD26C1701C008CEFE2 /* Project object */ = {
			isa = PBXProject;
			attributes = {
				LastSwiftUpdateCheck = 1300;
				LastUpgradeCheck = 1250;
				TargetAttributes = {
					99613D5E26F39CDE008D0FA3 = {
						CreatedOnToolsVersion = 13.0;
						TestTargetID = 99E8CFD426C1701C008CEFE2;
					};
					99E8CFD426C1701C008CEFE2 = {
						CreatedOnToolsVersion = 12.5.1;
					};
				};
			};
			buildConfigurationList = 99E8CFD026C1701C008CEFE2 /* Build configuration list for PBXProject "Arrowhead" */;
			compatibilityVersion = "Xcode 9.3";
			developmentRegion = en;
			hasScannedForEncodings = 0;
			knownRegions = (
				en,
				Base,
			);
			mainGroup = 99E8CFCC26C1701C008CEFE2;
			productRefGroup = 99E8CFD626C1701C008CEFE2 /* Products */;
			projectDirPath = "";
			projectRoot = "";
			targets = (
				99E8CFD426C1701C008CEFE2 /* Arrowhead */,
				99613D5E26F39CDE008D0FA3 /* ArrowheadTests */,
			);
		};
/* End PBXProject section */

/* Begin PBXResourcesBuildPhase section */
		99613D5D26F39CDE008D0FA3 /* Resources */ = {
			isa = PBXResourcesBuildPhase;
			buildActionMask = 2147483647;
			files = (
				68B7138B27F266C300BBA7A4 /* Project1.md in Resources */,
			);
			runOnlyForDeploymentPostprocessing = 0;
		};
		99E8CFD326C1701C008CEFE2 /* Resources */ = {
			isa = PBXResourcesBuildPhase;
			buildActionMask = 2147483647;
			files = (
				99E8CFE026C1701E008CEFE2 /* Preview Assets.xcassets in Resources */,
				99E8CFDD26C1701E008CEFE2 /* Assets.xcassets in Resources */,
			);
			runOnlyForDeploymentPostprocessing = 0;
		};
/* End PBXResourcesBuildPhase section */

/* Begin PBXSourcesBuildPhase section */
		99613D5B26F39CDE008D0FA3 /* Sources */ = {
			isa = PBXSourcesBuildPhase;
			buildActionMask = 2147483647;
			files = (
				99BF586427FF8F5B00662FA4 /* LineParser.swift in Sources */,
				68B7138827F264A100BBA7A4 /* FileParserTests.swift in Sources */,
				998509AB27FF8D81001AFE9F /* LineParserTests.swift in Sources */,
				99613D6226F39CDE008D0FA3 /* FileControllerTests.swift in Sources */,
			);
			runOnlyForDeploymentPostprocessing = 0;
		};
		99E8CFD126C1701C008CEFE2 /* Sources */ = {
			isa = PBXSourcesBuildPhase;
			buildActionMask = 2147483647;
			files = (
				68B7138427F25EBC00BBA7A4 /* FileParser.swift in Sources */,
				99EAE7C426E80D90007C22AC /* Model.swift in Sources */,
				99613D5826F39516008D0FA3 /* PerspectivesView.swift in Sources */,
				99613D5626F39516008D0FA3 /* PerspectiveTileView.swift in Sources */,
				68B7138627F2614A00BBA7A4 /* LineParser.swift in Sources */,
				99EAE7C226E80882007C22AC /* FolderView.swift in Sources */,
				994C201D26C1C81A0029E6DC /* BookmarkController.swift in Sources */,
				994C201F26C1D4EA0029E6DC /* DetailView.swift in Sources */,
				99EAE7C026E80023007C22AC /* TodoView.swift in Sources */,
				994C202126C1D6D80029E6DC /* FileController.swift in Sources */,
				99E8CFDB26C1701C008CEFE2 /* ContentView.swift in Sources */,
				994C202326C2E8980029E6DC /* DocumentPicker.swift in Sources */,
				99E8CFD926C1701C008CEFE2 /* ArrowheadApp.swift in Sources */,
				99613D5726F39516008D0FA3 /* OverviewView.swift in Sources */,
			);
			runOnlyForDeploymentPostprocessing = 0;
		};
/* End PBXSourcesBuildPhase section */

/* Begin PBXTargetDependency section */
		99613D6426F39CDE008D0FA3 /* PBXTargetDependency */ = {
			isa = PBXTargetDependency;
			target = 99E8CFD426C1701C008CEFE2 /* Arrowhead */;
			targetProxy = 99613D6326F39CDE008D0FA3 /* PBXContainerItemProxy */;
		};
/* End PBXTargetDependency section */

/* Begin XCBuildConfiguration section */
		99613D6626F39CDE008D0FA3 /* Debug */ = {
			isa = XCBuildConfiguration;
			buildSettings = {
				BUNDLE_LOADER = "$(TEST_HOST)";
				CLANG_CXX_LANGUAGE_STANDARD = "gnu++17";
				CODE_SIGN_STYLE = Automatic;
				CURRENT_PROJECT_VERSION = 1;
				DEVELOPMENT_TEAM = 47C966XSTJ;
				GENERATE_INFOPLIST_FILE = YES;
				IPHONEOS_DEPLOYMENT_TARGET = 15.0;
				LD_RUNPATH_SEARCH_PATHS = (
					"$(inherited)",
					"@executable_path/Frameworks",
					"@loader_path/Frameworks",
				);
				MARKETING_VERSION = 1.0;
				PRODUCT_BUNDLE_IDENTIFIER = "com.garrett-harris.adam.ArrowheadTests";
				PRODUCT_NAME = "$(TARGET_NAME)";
				SWIFT_EMIT_LOC_STRINGS = NO;
				SWIFT_VERSION = 5.0;
				TARGETED_DEVICE_FAMILY = "1,2";
				TEST_HOST = "$(BUILT_PRODUCTS_DIR)/Arrowhead.app/Arrowhead";
			};
			name = Debug;
		};
		99613D6726F39CDE008D0FA3 /* Release */ = {
			isa = XCBuildConfiguration;
			buildSettings = {
				BUNDLE_LOADER = "$(TEST_HOST)";
				CLANG_CXX_LANGUAGE_STANDARD = "gnu++17";
				CODE_SIGN_STYLE = Automatic;
				CURRENT_PROJECT_VERSION = 1;
				DEVELOPMENT_TEAM = 47C966XSTJ;
				GENERATE_INFOPLIST_FILE = YES;
				IPHONEOS_DEPLOYMENT_TARGET = 15.0;
				LD_RUNPATH_SEARCH_PATHS = (
					"$(inherited)",
					"@executable_path/Frameworks",
					"@loader_path/Frameworks",
				);
				MARKETING_VERSION = 1.0;
				PRODUCT_BUNDLE_IDENTIFIER = "com.garrett-harris.adam.ArrowheadTests";
				PRODUCT_NAME = "$(TARGET_NAME)";
				SWIFT_EMIT_LOC_STRINGS = NO;
				SWIFT_VERSION = 5.0;
				TARGETED_DEVICE_FAMILY = "1,2";
				TEST_HOST = "$(BUILT_PRODUCTS_DIR)/Arrowhead.app/Arrowhead";
			};
			name = Release;
		};
		99E8CFE726C1701F008CEFE2 /* Debug */ = {
			isa = XCBuildConfiguration;
			buildSettings = {
				ALWAYS_SEARCH_USER_PATHS = NO;
				CLANG_ANALYZER_NONNULL = YES;
				CLANG_ANALYZER_NUMBER_OBJECT_CONVERSION = YES_AGGRESSIVE;
				CLANG_CXX_LANGUAGE_STANDARD = "gnu++14";
				CLANG_CXX_LIBRARY = "libc++";
				CLANG_ENABLE_MODULES = YES;
				CLANG_ENABLE_OBJC_ARC = YES;
				CLANG_ENABLE_OBJC_WEAK = YES;
				CLANG_WARN_BLOCK_CAPTURE_AUTORELEASING = YES;
				CLANG_WARN_BOOL_CONVERSION = YES;
				CLANG_WARN_COMMA = YES;
				CLANG_WARN_CONSTANT_CONVERSION = YES;
				CLANG_WARN_DEPRECATED_OBJC_IMPLEMENTATIONS = YES;
				CLANG_WARN_DIRECT_OBJC_ISA_USAGE = YES_ERROR;
				CLANG_WARN_DOCUMENTATION_COMMENTS = YES;
				CLANG_WARN_EMPTY_BODY = YES;
				CLANG_WARN_ENUM_CONVERSION = YES;
				CLANG_WARN_INFINITE_RECURSION = YES;
				CLANG_WARN_INT_CONVERSION = YES;
				CLANG_WARN_NON_LITERAL_NULL_CONVERSION = YES;
				CLANG_WARN_OBJC_IMPLICIT_RETAIN_SELF = YES;
				CLANG_WARN_OBJC_LITERAL_CONVERSION = YES;
				CLANG_WARN_OBJC_ROOT_CLASS = YES_ERROR;
				CLANG_WARN_QUOTED_INCLUDE_IN_FRAMEWORK_HEADER = YES;
				CLANG_WARN_RANGE_LOOP_ANALYSIS = YES;
				CLANG_WARN_STRICT_PROTOTYPES = YES;
				CLANG_WARN_SUSPICIOUS_MOVE = YES;
				CLANG_WARN_UNGUARDED_AVAILABILITY = YES_AGGRESSIVE;
				CLANG_WARN_UNREACHABLE_CODE = YES;
				CLANG_WARN__DUPLICATE_METHOD_MATCH = YES;
				COPY_PHASE_STRIP = NO;
				DEBUG_INFORMATION_FORMAT = dwarf;
				ENABLE_STRICT_OBJC_MSGSEND = YES;
				ENABLE_TESTABILITY = YES;
				GCC_C_LANGUAGE_STANDARD = gnu11;
				GCC_DYNAMIC_NO_PIC = NO;
				GCC_NO_COMMON_BLOCKS = YES;
				GCC_OPTIMIZATION_LEVEL = 0;
				GCC_PREPROCESSOR_DEFINITIONS = (
					"DEBUG=1",
					"$(inherited)",
				);
				GCC_WARN_64_TO_32_BIT_CONVERSION = YES;
				GCC_WARN_ABOUT_RETURN_TYPE = YES_ERROR;
				GCC_WARN_UNDECLARED_SELECTOR = YES;
				GCC_WARN_UNINITIALIZED_AUTOS = YES_AGGRESSIVE;
				GCC_WARN_UNUSED_FUNCTION = YES;
				GCC_WARN_UNUSED_VARIABLE = YES;
				IPHONEOS_DEPLOYMENT_TARGET = 15.0;
				MTL_ENABLE_DEBUG_INFO = INCLUDE_SOURCE;
				MTL_FAST_MATH = YES;
				ONLY_ACTIVE_ARCH = YES;
				SDKROOT = iphoneos;
				SWIFT_ACTIVE_COMPILATION_CONDITIONS = DEBUG;
				SWIFT_OPTIMIZATION_LEVEL = "-Onone";
			};
			name = Debug;
		};
		99E8CFE826C1701F008CEFE2 /* Release */ = {
			isa = XCBuildConfiguration;
			buildSettings = {
				ALWAYS_SEARCH_USER_PATHS = NO;
				CLANG_ANALYZER_NONNULL = YES;
				CLANG_ANALYZER_NUMBER_OBJECT_CONVERSION = YES_AGGRESSIVE;
				CLANG_CXX_LANGUAGE_STANDARD = "gnu++14";
				CLANG_CXX_LIBRARY = "libc++";
				CLANG_ENABLE_MODULES = YES;
				CLANG_ENABLE_OBJC_ARC = YES;
				CLANG_ENABLE_OBJC_WEAK = YES;
				CLANG_WARN_BLOCK_CAPTURE_AUTORELEASING = YES;
				CLANG_WARN_BOOL_CONVERSION = YES;
				CLANG_WARN_COMMA = YES;
				CLANG_WARN_CONSTANT_CONVERSION = YES;
				CLANG_WARN_DEPRECATED_OBJC_IMPLEMENTATIONS = YES;
				CLANG_WARN_DIRECT_OBJC_ISA_USAGE = YES_ERROR;
				CLANG_WARN_DOCUMENTATION_COMMENTS = YES;
				CLANG_WARN_EMPTY_BODY = YES;
				CLANG_WARN_ENUM_CONVERSION = YES;
				CLANG_WARN_INFINITE_RECURSION = YES;
				CLANG_WARN_INT_CONVERSION = YES;
				CLANG_WARN_NON_LITERAL_NULL_CONVERSION = YES;
				CLANG_WARN_OBJC_IMPLICIT_RETAIN_SELF = YES;
				CLANG_WARN_OBJC_LITERAL_CONVERSION = YES;
				CLANG_WARN_OBJC_ROOT_CLASS = YES_ERROR;
				CLANG_WARN_QUOTED_INCLUDE_IN_FRAMEWORK_HEADER = YES;
				CLANG_WARN_RANGE_LOOP_ANALYSIS = YES;
				CLANG_WARN_STRICT_PROTOTYPES = YES;
				CLANG_WARN_SUSPICIOUS_MOVE = YES;
				CLANG_WARN_UNGUARDED_AVAILABILITY = YES_AGGRESSIVE;
				CLANG_WARN_UNREACHABLE_CODE = YES;
				CLANG_WARN__DUPLICATE_METHOD_MATCH = YES;
				COPY_PHASE_STRIP = NO;
				DEBUG_INFORMATION_FORMAT = "dwarf-with-dsym";
				ENABLE_NS_ASSERTIONS = NO;
				ENABLE_STRICT_OBJC_MSGSEND = YES;
				GCC_C_LANGUAGE_STANDARD = gnu11;
				GCC_NO_COMMON_BLOCKS = YES;
				GCC_WARN_64_TO_32_BIT_CONVERSION = YES;
				GCC_WARN_ABOUT_RETURN_TYPE = YES_ERROR;
				GCC_WARN_UNDECLARED_SELECTOR = YES;
				GCC_WARN_UNINITIALIZED_AUTOS = YES_AGGRESSIVE;
				GCC_WARN_UNUSED_FUNCTION = YES;
				GCC_WARN_UNUSED_VARIABLE = YES;
				IPHONEOS_DEPLOYMENT_TARGET = 15.0;
				MTL_ENABLE_DEBUG_INFO = NO;
				MTL_FAST_MATH = YES;
				SDKROOT = iphoneos;
				SWIFT_COMPILATION_MODE = wholemodule;
				SWIFT_OPTIMIZATION_LEVEL = "-O";
				VALIDATE_PRODUCT = YES;
			};
			name = Release;
		};
		99E8CFEA26C1701F008CEFE2 /* Debug */ = {
			isa = XCBuildConfiguration;
			buildSettings = {
				ASSETCATALOG_COMPILER_APPICON_NAME = AppIcon;
				ASSETCATALOG_COMPILER_GLOBAL_ACCENT_COLOR_NAME = AccentColor;
				CODE_SIGN_STYLE = Automatic;
				DEVELOPMENT_ASSET_PATHS = "\"Arrowhead/Preview Content\"";
				DEVELOPMENT_TEAM = 47C966XSTJ;
				ENABLE_PREVIEWS = YES;
				INFOPLIST_FILE = Arrowhead/Info.plist;
				IPHONEOS_DEPLOYMENT_TARGET = 15.0;
				LD_RUNPATH_SEARCH_PATHS = (
					"$(inherited)",
					"@executable_path/Frameworks",
				);
				PRODUCT_BUNDLE_IDENTIFIER = "com.garrett-harris.adam.Arrowhead";
				PRODUCT_NAME = "$(TARGET_NAME)";
				SWIFT_VERSION = 5.0;
				TARGETED_DEVICE_FAMILY = "1,2";
			};
			name = Debug;
		};
		99E8CFEB26C1701F008CEFE2 /* Release */ = {
			isa = XCBuildConfiguration;
			buildSettings = {
				ASSETCATALOG_COMPILER_APPICON_NAME = AppIcon;
				ASSETCATALOG_COMPILER_GLOBAL_ACCENT_COLOR_NAME = AccentColor;
				CODE_SIGN_STYLE = Automatic;
				DEVELOPMENT_ASSET_PATHS = "\"Arrowhead/Preview Content\"";
				DEVELOPMENT_TEAM = 47C966XSTJ;
				ENABLE_PREVIEWS = YES;
				INFOPLIST_FILE = Arrowhead/Info.plist;
				IPHONEOS_DEPLOYMENT_TARGET = 15.0;
				LD_RUNPATH_SEARCH_PATHS = (
					"$(inherited)",
					"@executable_path/Frameworks",
				);
				PRODUCT_BUNDLE_IDENTIFIER = "com.garrett-harris.adam.Arrowhead";
				PRODUCT_NAME = "$(TARGET_NAME)";
				SWIFT_VERSION = 5.0;
				TARGETED_DEVICE_FAMILY = "1,2";
			};
			name = Release;
		};
/* End XCBuildConfiguration section */

/* Begin XCConfigurationList section */
		99613D6526F39CDE008D0FA3 /* Build configuration list for PBXNativeTarget "ArrowheadTests" */ = {
			isa = XCConfigurationList;
			buildConfigurations = (
				99613D6626F39CDE008D0FA3 /* Debug */,
				99613D6726F39CDE008D0FA3 /* Release */,
			);
			defaultConfigurationIsVisible = 0;
			defaultConfigurationName = Release;
		};
		99E8CFD026C1701C008CEFE2 /* Build configuration list for PBXProject "Arrowhead" */ = {
			isa = XCConfigurationList;
			buildConfigurations = (
				99E8CFE726C1701F008CEFE2 /* Debug */,
				99E8CFE826C1701F008CEFE2 /* Release */,
			);
			defaultConfigurationIsVisible = 0;
			defaultConfigurationName = Release;
		};
		99E8CFE926C1701F008CEFE2 /* Build configuration list for PBXNativeTarget "Arrowhead" */ = {
			isa = XCConfigurationList;
			buildConfigurations = (
				99E8CFEA26C1701F008CEFE2 /* Debug */,
				99E8CFEB26C1701F008CEFE2 /* Release */,
			);
			defaultConfigurationIsVisible = 0;
			defaultConfigurationName = Release;
		};
/* End XCConfigurationList section */
	};
	rootObject = 99E8CFCD26C1701C008CEFE2 /* Project object */;
}
